
Microsoft Visual Studio Solution File, Format Version 12.00
# Visual Studio 15
VisualStudioVersion = 15.0.28010.2046
MinimumVisualStudioVersion = 10.0.40219.1
Project("{FAE04EC0-301F-11D3-BF4B-00C04F79EFBC}") = "BookingApp", "BookingApp\BookingApp.csproj", "{3F928237-C7A0-4E3C-A5C9-BBFE14ED6915}"
EndProject
Project("{FAE04EC0-301F-11D3-BF4B-00C04F79EFBC}") = "BookingAppxUnitTests", "BookingAppxUnitTests\BookingAppxUnitTests.csproj", "{5F7F6CAD-73BE-4BC0-877C-83AB3B9F871C}"
EndProject
Global
	GlobalSection(SolutionConfigurationPlatforms) = preSolution
		Debug|Any CPU = Debug|Any CPU
		Release|Any CPU = Release|Any CPU
	EndGlobalSection
	GlobalSection(ProjectConfigurationPlatforms) = postSolution
		{3F928237-C7A0-4E3C-A5C9-BBFE14ED6915}.Debug|Any CPU.ActiveCfg = Debug|Any CPU
		{3F928237-C7A0-4E3C-A5C9-BBFE14ED6915}.Debug|Any CPU.Build.0 = Debug|Any CPU
		{3F928237-C7A0-4E3C-A5C9-BBFE14ED6915}.Release|Any CPU.ActiveCfg = Release|Any CPU
		{3F928237-C7A0-4E3C-A5C9-BBFE14ED6915}.Release|Any CPU.Build.0 = Release|Any CPU
		{5F7F6CAD-73BE-4BC0-877C-83AB3B9F871C}.Debug|Any CPU.ActiveCfg = Debug|Any CPU
		{5F7F6CAD-73BE-4BC0-877C-83AB3B9F871C}.Debug|Any CPU.Build.0 = Debug|Any CPU
		{5F7F6CAD-73BE-4BC0-877C-83AB3B9F871C}.Release|Any CPU.ActiveCfg = Release|Any CPU
		{5F7F6CAD-73BE-4BC0-877C-83AB3B9F871C}.Release|Any CPU.Build.0 = Release|Any CPU
	EndGlobalSection
	GlobalSection(SolutionProperties) = preSolution
		HideSolutionNode = FALSE
	EndGlobalSection
	GlobalSection(ExtensibilityGlobals) = postSolution
		SolutionGuid = {7973287B-0908-4440-BA9C-E8BA59786563}
	EndGlobalSection
EndGlobal
